
Microsoft Visual Studio Solution File, Format Version 12.00
# Visual Studio 15
VisualStudioVersion = 15.0.27130.2027
MinimumVisualStudioVersion = 10.0.40219.1
Project("{9A19103F-16F7-4668-BE54-9A1E7A4F7556}") = "MVCBlog", "MVCBlogProject\MVCBlog.csproj", "{A7A3724C-0421-4C59-81DC-F757EC833784}"
EndProject
Project("{FAE04EC0-301F-11D3-BF4B-00C04F79EFBC}") = "MVCBlog.Domain", "MVCBlog.Domain\MVCBlog.Domain.csproj", "{336CB3DF-0C28-4461-B4F0-E1E1B3C76D0C}"
EndProject
Project("{FAE04EC0-301F-11D3-BF4B-00C04F79EFBC}") = "MVCBlog.App", "MVCBlog.App\MVCBlog.App.csproj", "{182449F3-6095-4402-98CA-7C4A1981667E}"
EndProject
Project("{FAE04EC0-301F-11D3-BF4B-00C04F79EFBC}") = "MVCBlog.Crosscuting", "MVCBlog.Crosscuting\MVCBlog.Crosscuting.csproj", "{BE32B612-D652-494E-87AE-62BAF76C9E8F}"
EndProject
Global
	GlobalSection(SolutionConfigurationPlatforms) = preSolution
		Debug|Any CPU = Debug|Any CPU
		Release|Any CPU = Release|Any CPU
	EndGlobalSection
	GlobalSection(ProjectConfigurationPlatforms) = postSolution
		{A7A3724C-0421-4C59-81DC-F757EC833784}.Debug|Any CPU.ActiveCfg = Debug|Any CPU
		{A7A3724C-0421-4C59-81DC-F757EC833784}.Debug|Any CPU.Build.0 = Debug|Any CPU
		{A7A3724C-0421-4C59-81DC-F757EC833784}.Release|Any CPU.ActiveCfg = Release|Any CPU
		{A7A3724C-0421-4C59-81DC-F757EC833784}.Release|Any CPU.Build.0 = Release|Any CPU
		{336CB3DF-0C28-4461-B4F0-E1E1B3C76D0C}.Debug|Any CPU.ActiveCfg = Debug|Any CPU
		{336CB3DF-0C28-4461-B4F0-E1E1B3C76D0C}.Debug|Any CPU.Build.0 = Debug|Any CPU
		{336CB3DF-0C28-4461-B4F0-E1E1B3C76D0C}.Release|Any CPU.ActiveCfg = Release|Any CPU
		{336CB3DF-0C28-4461-B4F0-E1E1B3C76D0C}.Release|Any CPU.Build.0 = Release|Any CPU
		{182449F3-6095-4402-98CA-7C4A1981667E}.Debug|Any CPU.ActiveCfg = Debug|Any CPU
		{182449F3-6095-4402-98CA-7C4A1981667E}.Debug|Any CPU.Build.0 = Debug|Any CPU
		{182449F3-6095-4402-98CA-7C4A1981667E}.Release|Any CPU.ActiveCfg = Release|Any CPU
		{182449F3-6095-4402-98CA-7C4A1981667E}.Release|Any CPU.Build.0 = Release|Any CPU
		{BE32B612-D652-494E-87AE-62BAF76C9E8F}.Debug|Any CPU.ActiveCfg = Debug|Any CPU
		{BE32B612-D652-494E-87AE-62BAF76C9E8F}.Debug|Any CPU.Build.0 = Debug|Any CPU
		{BE32B612-D652-494E-87AE-62BAF76C9E8F}.Release|Any CPU.ActiveCfg = Release|Any CPU
		{BE32B612-D652-494E-87AE-62BAF76C9E8F}.Release|Any CPU.Build.0 = Release|Any CPU
	EndGlobalSection
	GlobalSection(SolutionProperties) = preSolution
		HideSolutionNode = FALSE
	EndGlobalSection
	GlobalSection(ExtensibilityGlobals) = postSolution
		SolutionGuid = {3A217D7B-2792-44E0-9888-7F5BCC4FFBF6}
	EndGlobalSection
EndGlobal
